
Microsoft Visual Studio Solution File, Format Version 12.00
# Visual Studio 15
VisualStudioVersion = 15.0.26730.16
MinimumVisualStudioVersion = 10.0.40219.1
Project("{9A19103F-16F7-4668-BE54-9A1E7A4F7556}") = "osu-database-reader", "osu-database-reader\osu-database-reader.csproj", "{C3078606-8055-4122-845D-7F9A0154883D}"
EndProject
Project("{FAE04EC0-301F-11D3-BF4B-00C04F79EFBC}") = "UnitTestProject", "UnitTestProject\UnitTestProject.csproj", "{3F44AD82-C508-4D86-B022-DD1D40A9B88C}"
EndProject
Global
	GlobalSection(SolutionConfigurationPlatforms) = preSolution
		Debug|Any CPU = Debug|Any CPU
		Release|Any CPU = Release|Any CPU
	EndGlobalSection
	GlobalSection(ProjectConfigurationPlatforms) = postSolution
		{C3078606-8055-4122-845D-7F9A0154883D}.Debug|Any CPU.ActiveCfg = Debug|Any CPU
		{C3078606-8055-4122-845D-7F9A0154883D}.Debug|Any CPU.Build.0 = Debug|Any CPU
		{C3078606-8055-4122-845D-7F9A0154883D}.Release|Any CPU.ActiveCfg = Release|Any CPU
		{C3078606-8055-4122-845D-7F9A0154883D}.Release|Any CPU.Build.0 = Release|Any CPU
		{3F44AD82-C508-4D86-B022-DD1D40A9B88C}.Debug|Any CPU.ActiveCfg = Debug|Any CPU
		{3F44AD82-C508-4D86-B022-DD1D40A9B88C}.Debug|Any CPU.Build.0 = Debug|Any CPU
		{3F44AD82-C508-4D86-B022-DD1D40A9B88C}.Release|Any CPU.ActiveCfg = Release|Any CPU
		{3F44AD82-C508-4D86-B022-DD1D40A9B88C}.Release|Any CPU.Build.0 = Release|Any CPU
	EndGlobalSection
	GlobalSection(SolutionProperties) = preSolution
		HideSolutionNode = FALSE
	EndGlobalSection
	GlobalSection(ExtensibilityGlobals) = postSolution
		SolutionGuid = {9AD9F3C5-8A38-4189-B5EB-74CF6DD29C72}
	EndGlobalSection
EndGlobal
